// !$*UTF8*$!
{
	archiveVersion = 1;
	classes = {
	};
	objectVersion = 51;
	objects = {

/* Begin PBXBuildFile section */
		3489DC3B541D71CF71598676 /* Pods_FengtianYu_JiayinQi_Ass2_ios.framework in Frameworks */ = {isa = PBXBuildFile; fileRef = 8C8A0404D1090C698D62D363 /* Pods_FengtianYu_JiayinQi_Ass2_ios.framework */; };
		7518D51B254ECA4900F2E957 /* PestInformationTableViewCell.swift in Sources */ = {isa = PBXBuildFile; fileRef = 7518D51A254ECA4900F2E957 /* PestInformationTableViewCell.swift */; };
		7518D51E254EE75200F2E957 /* SinglePestLocationMapViewController.swift in Sources */ = {isa = PBXBuildFile; fileRef = 7518D51D254EE75200F2E957 /* SinglePestLocationMapViewController.swift */; };
		7518D520254EF8AB00F2E957 /* LocationAnnotation.swift in Sources */ = {isa = PBXBuildFile; fileRef = 7518D51F254EF8AB00F2E957 /* LocationAnnotation.swift */; };
		751CB054253559CA00665CB4 /* AppDelegate.swift in Sources */ = {isa = PBXBuildFile; fileRef = 751CB053253559CA00665CB4 /* AppDelegate.swift */; };
		751CB056253559CA00665CB4 /* SceneDelegate.swift in Sources */ = {isa = PBXBuildFile; fileRef = 751CB055253559CA00665CB4 /* SceneDelegate.swift */; };
		751CB058253559CA00665CB4 /* SearchViewController.swift in Sources */ = {isa = PBXBuildFile; fileRef = 751CB057253559CA00665CB4 /* SearchViewController.swift */; };
		751CB05B253559CA00665CB4 /* Main.storyboard in Resources */ = {isa = PBXBuildFile; fileRef = 751CB059253559CA00665CB4 /* Main.storyboard */; };
		751CB05E253559CA00665CB4 /* FengtianYu_JiayinQi_Ass2_ios.xcdatamodeld in Sources */ = {isa = PBXBuildFile; fileRef = 751CB05C253559CA00665CB4 /* FengtianYu_JiayinQi_Ass2_ios.xcdatamodeld */; };
		751CB060253559CF00665CB4 /* Assets.xcassets in Resources */ = {isa = PBXBuildFile; fileRef = 751CB05F253559CF00665CB4 /* Assets.xcassets */; };
		751CB063253559CF00665CB4 /* LaunchScreen.storyboard in Resources */ = {isa = PBXBuildFile; fileRef = 751CB061253559CF00665CB4 /* LaunchScreen.storyboard */; };
		759FF80D254D91F3003722C1 /* GoogleService-Info.plist in Resources */ = {isa = PBXBuildFile; fileRef = 759FF80C254D91F3003722C1 /* GoogleService-Info.plist */; };
		759FF811254E4826003722C1 /* AllPestsTableViewController.swift in Sources */ = {isa = PBXBuildFile; fileRef = 759FF810254E4826003722C1 /* AllPestsTableViewController.swift */; };
		759FF816254E4C90003722C1 /* MulticastDelegate.swift in Sources */ = {isa = PBXBuildFile; fileRef = 759FF815254E4C90003722C1 /* MulticastDelegate.swift */; };
		759FF818254E4D2B003722C1 /* DatabaseProtocol.swift in Sources */ = {isa = PBXBuildFile; fileRef = 759FF817254E4D2B003722C1 /* DatabaseProtocol.swift */; };
		759FF81A254E4DA8003722C1 /* Pest.swift in Sources */ = {isa = PBXBuildFile; fileRef = 759FF819254E4DA8003722C1 /* Pest.swift */; };
		759FF821254E4F0E003722C1 /* FirebaseController.swift in Sources */ = {isa = PBXBuildFile; fileRef = 759FF820254E4F0E003722C1 /* FirebaseController.swift */; };
		75BD15CF25380F3B003CC46B /* UserViewController.swift in Sources */ = {isa = PBXBuildFile; fileRef = 75BD15CE25380F3B003CC46B /* UserViewController.swift */; };
		75BD15D125380F4E003CC46B /* PestCellTableViewCell.swift in Sources */ = {isa = PBXBuildFile; fileRef = 75BD15D025380F4E003CC46B /* PestCellTableViewCell.swift */; };
		75BD15D325380F76003CC46B /* PhotoViewController.swift in Sources */ = {isa = PBXBuildFile; fileRef = 75BD15D225380F76003CC46B /* PhotoViewController.swift */; };
		75BD15EF2538635F003CC46B /* detailInformationViewController.swift in Sources */ = {isa = PBXBuildFile; fileRef = 75BD15EE2538635F003CC46B /* detailInformationViewController.swift */; };
/* End PBXBuildFile section */

/* Begin PBXFileReference section */
		510D581AD6CBD1762FE5B5DA /* Pods-FengtianYu_JiayinQi-Ass2-ios.debug.xcconfig */ = {isa = PBXFileReference; includeInIndex = 1; lastKnownFileType = text.xcconfig; name = "Pods-FengtianYu_JiayinQi-Ass2-ios.debug.xcconfig"; path = "Target Support Files/Pods-FengtianYu_JiayinQi-Ass2-ios/Pods-FengtianYu_JiayinQi-Ass2-ios.debug.xcconfig"; sourceTree = "<group>"; };
		7518D51A254ECA4900F2E957 /* PestInformationTableViewCell.swift */ = {isa = PBXFileReference; lastKnownFileType = sourcecode.swift; path = PestInformationTableViewCell.swift; sourceTree = "<group>"; };
		7518D51D254EE75200F2E957 /* SinglePestLocationMapViewController.swift */ = {isa = PBXFileReference; lastKnownFileType = sourcecode.swift; path = SinglePestLocationMapViewController.swift; sourceTree = "<group>"; };
		7518D51F254EF8AB00F2E957 /* LocationAnnotation.swift */ = {isa = PBXFileReference; fileEncoding = 4; lastKnownFileType = sourcecode.swift; path = LocationAnnotation.swift; sourceTree = "<group>"; };
		751CB050253559CA00665CB4 /* FengtianYu_JiayinQi-Ass2-ios.app */ = {isa = PBXFileReference; explicitFileType = wrapper.application; includeInIndex = 0; path = "FengtianYu_JiayinQi-Ass2-ios.app"; sourceTree = BUILT_PRODUCTS_DIR; };
		751CB053253559CA00665CB4 /* AppDelegate.swift */ = {isa = PBXFileReference; lastKnownFileType = sourcecode.swift; path = AppDelegate.swift; sourceTree = "<group>"; };
		751CB055253559CA00665CB4 /* SceneDelegate.swift */ = {isa = PBXFileReference; lastKnownFileType = sourcecode.swift; path = SceneDelegate.swift; sourceTree = "<group>"; };
		751CB057253559CA00665CB4 /* SearchViewController.swift */ = {isa = PBXFileReference; lastKnownFileType = sourcecode.swift; path = SearchViewController.swift; sourceTree = "<group>"; };
		751CB05A253559CA00665CB4 /* Base */ = {isa = PBXFileReference; lastKnownFileType = file.storyboard; name = Base; path = Base.lproj/Main.storyboard; sourceTree = "<group>"; };
		751CB05D253559CA00665CB4 /* FengtianYu_JiayinQi_Ass2_ios.xcdatamodel */ = {isa = PBXFileReference; lastKnownFileType = wrapper.xcdatamodel; path = FengtianYu_JiayinQi_Ass2_ios.xcdatamodel; sourceTree = "<group>"; };
		751CB05F253559CF00665CB4 /* Assets.xcassets */ = {isa = PBXFileReference; lastKnownFileType = folder.assetcatalog; path = Assets.xcassets; sourceTree = "<group>"; };
		751CB062253559CF00665CB4 /* Base */ = {isa = PBXFileReference; lastKnownFileType = file.storyboard; name = Base; path = Base.lproj/LaunchScreen.storyboard; sourceTree = "<group>"; };
		751CB064253559CF00665CB4 /* Info.plist */ = {isa = PBXFileReference; lastKnownFileType = text.plist.xml; path = Info.plist; sourceTree = "<group>"; };
		759FF80C254D91F3003722C1 /* GoogleService-Info.plist */ = {isa = PBXFileReference; fileEncoding = 4; lastKnownFileType = text.plist.xml; path = "GoogleService-Info.plist"; sourceTree = "<group>"; };
		759FF810254E4826003722C1 /* AllPestsTableViewController.swift */ = {isa = PBXFileReference; lastKnownFileType = sourcecode.swift; path = AllPestsTableViewController.swift; sourceTree = "<group>"; };
		759FF815254E4C90003722C1 /* MulticastDelegate.swift */ = {isa = PBXFileReference; fileEncoding = 4; lastKnownFileType = sourcecode.swift; path = MulticastDelegate.swift; sourceTree = "<group>"; };
		759FF817254E4D2B003722C1 /* DatabaseProtocol.swift */ = {isa = PBXFileReference; fileEncoding = 4; lastKnownFileType = sourcecode.swift; path = DatabaseProtocol.swift; sourceTree = "<group>"; };
		759FF819254E4DA8003722C1 /* Pest.swift */ = {isa = PBXFileReference; lastKnownFileType = sourcecode.swift; path = Pest.swift; sourceTree = "<group>"; };
		759FF820254E4F0E003722C1 /* FirebaseController.swift */ = {isa = PBXFileReference; lastKnownFileType = sourcecode.swift; path = FirebaseController.swift; sourceTree = "<group>"; };
		75BD15CE25380F3B003CC46B /* UserViewController.swift */ = {isa = PBXFileReference; lastKnownFileType = sourcecode.swift; path = UserViewController.swift; sourceTree = "<group>"; };
		75BD15D025380F4E003CC46B /* PestCellTableViewCell.swift */ = {isa = PBXFileReference; lastKnownFileType = sourcecode.swift; path = PestCellTableViewCell.swift; sourceTree = "<group>"; };
		75BD15D225380F76003CC46B /* PhotoViewController.swift */ = {isa = PBXFileReference; lastKnownFileType = sourcecode.swift; path = PhotoViewController.swift; sourceTree = "<group>"; };
		75BD15EE2538635F003CC46B /* detailInformationViewController.swift */ = {isa = PBXFileReference; lastKnownFileType = sourcecode.swift; path = detailInformationViewController.swift; sourceTree = "<group>"; };
		8C8A0404D1090C698D62D363 /* Pods_FengtianYu_JiayinQi_Ass2_ios.framework */ = {isa = PBXFileReference; explicitFileType = wrapper.framework; includeInIndex = 0; path = Pods_FengtianYu_JiayinQi_Ass2_ios.framework; sourceTree = BUILT_PRODUCTS_DIR; };
		E411D37DB9B5AA28E8445FFD /* Pods-FengtianYu_JiayinQi-Ass2-ios.release.xcconfig */ = {isa = PBXFileReference; includeInIndex = 1; lastKnownFileType = text.xcconfig; name = "Pods-FengtianYu_JiayinQi-Ass2-ios.release.xcconfig"; path = "Target Support Files/Pods-FengtianYu_JiayinQi-Ass2-ios/Pods-FengtianYu_JiayinQi-Ass2-ios.release.xcconfig"; sourceTree = "<group>"; };
/* End PBXFileReference section */

/* Begin PBXFrameworksBuildPhase section */
		751CB04D253559CA00665CB4 /* Frameworks */ = {
			isa = PBXFrameworksBuildPhase;
			buildActionMask = 2147483647;
			files = (
				3489DC3B541D71CF71598676 /* Pods_FengtianYu_JiayinQi_Ass2_ios.framework in Frameworks */,
			);
			runOnlyForDeploymentPostprocessing = 0;
		};
/* End PBXFrameworksBuildPhase section */

/* Begin PBXGroup section */
		485418CB1D1F395E57B24AAF /* Pods */ = {
			isa = PBXGroup;
			children = (
				510D581AD6CBD1762FE5B5DA /* Pods-FengtianYu_JiayinQi-Ass2-ios.debug.xcconfig */,
				E411D37DB9B5AA28E8445FFD /* Pods-FengtianYu_JiayinQi-Ass2-ios.release.xcconfig */,
			);
			path = Pods;
			sourceTree = "<group>";
		};
		7518D51C254EE6FE00F2E957 /* DetailInformation */ = {
			isa = PBXGroup;
			children = (
				7518D51D254EE75200F2E957 /* SinglePestLocationMapViewController.swift */,
				75BD15EE2538635F003CC46B /* detailInformationViewController.swift */,
			);
			path = DetailInformation;
			sourceTree = "<group>";
		};
		751CB047253559C900665CB4 = {
			isa = PBXGroup;
			children = (
				751CB052253559CA00665CB4 /* FengtianYu_JiayinQi-Ass2-ios */,
				751CB051253559CA00665CB4 /* Products */,
				485418CB1D1F395E57B24AAF /* Pods */,
				8B35A04B51B1C1DACA31A842 /* Frameworks */,
			);
			sourceTree = "<group>";
		};
		751CB051253559CA00665CB4 /* Products */ = {
			isa = PBXGroup;
			children = (
				751CB050253559CA00665CB4 /* FengtianYu_JiayinQi-Ass2-ios.app */,
			);
			name = Products;
			sourceTree = "<group>";
		};
		751CB052253559CA00665CB4 /* FengtianYu_JiayinQi-Ass2-ios */ = {
			isa = PBXGroup;
			children = (
				7518D51C254EE6FE00F2E957 /* DetailInformation */,
				759FF81F254E4E32003722C1 /* AllPests */,
				759FF81E254E4E21003722C1 /* Map */,
				759FF81D254E4E0B003722C1 /* Photo */,
				759FF81C254E4E02003722C1 /* User */,
				759FF81B254E4DE9003722C1 /* Search */,
				759FF812254E4BC5003722C1 /* Database */,
				751CB053253559CA00665CB4 /* AppDelegate.swift */,
				751CB055253559CA00665CB4 /* SceneDelegate.swift */,
				751CB059253559CA00665CB4 /* Main.storyboard */,
				751CB05F253559CF00665CB4 /* Assets.xcassets */,
				751CB061253559CF00665CB4 /* LaunchScreen.storyboard */,
				759FF80C254D91F3003722C1 /* GoogleService-Info.plist */,
				751CB064253559CF00665CB4 /* Info.plist */,
				751CB05C253559CA00665CB4 /* FengtianYu_JiayinQi_Ass2_ios.xcdatamodeld */,
				75BD15D025380F4E003CC46B /* PestCellTableViewCell.swift */,
				759FF819254E4DA8003722C1 /* Pest.swift */,
				7518D51F254EF8AB00F2E957 /* LocationAnnotation.swift */,
				7518D51A254ECA4900F2E957 /* PestInformationTableViewCell.swift */,
			);
			path = "FengtianYu_JiayinQi-Ass2-ios";
			sourceTree = "<group>";
		};
		759FF812254E4BC5003722C1 /* Database */ = {
			isa = PBXGroup;
			children = (
				759FF817254E4D2B003722C1 /* DatabaseProtocol.swift */,
				759FF815254E4C90003722C1 /* MulticastDelegate.swift */,
				759FF820254E4F0E003722C1 /* FirebaseController.swift */,
			);
			path = Database;
			sourceTree = "<group>";
		};
		759FF81B254E4DE9003722C1 /* Search */ = {
			isa = PBXGroup;
			children = (
				751CB057253559CA00665CB4 /* SearchViewController.swift */,
			);
			path = Search;
			sourceTree = "<group>";
		};
		759FF81C254E4E02003722C1 /* User */ = {
			isa = PBXGroup;
			children = (
				75BD15CE25380F3B003CC46B /* UserViewController.swift */,
			);
			path = User;
			sourceTree = "<group>";
		};
		759FF81D254E4E0B003722C1 /* Photo */ = {
			isa = PBXGroup;
			children = (
				75BD15D225380F76003CC46B /* PhotoViewController.swift */,
			);
			path = Photo;
			sourceTree = "<group>";
		};
		759FF81E254E4E21003722C1 /* Map */ = {
			isa = PBXGroup;
			children = (
			);
			path = Map;
			sourceTree = "<group>";
		};
		759FF81F254E4E32003722C1 /* AllPests */ = {
			isa = PBXGroup;
			children = (
				759FF810254E4826003722C1 /* AllPestsTableViewController.swift */,
			);
			path = AllPests;
			sourceTree = "<group>";
		};
		8B35A04B51B1C1DACA31A842 /* Frameworks */ = {
			isa = PBXGroup;
			children = (
				8C8A0404D1090C698D62D363 /* Pods_FengtianYu_JiayinQi_Ass2_ios.framework */,
			);
			name = Frameworks;
			sourceTree = "<group>";
		};
/* End PBXGroup section */

/* Begin PBXNativeTarget section */
		751CB04F253559CA00665CB4 /* FengtianYu_JiayinQi-Ass2-ios */ = {
			isa = PBXNativeTarget;
			buildConfigurationList = 751CB067253559CF00665CB4 /* Build configuration list for PBXNativeTarget "FengtianYu_JiayinQi-Ass2-ios" */;
			buildPhases = (
				641F97784790AEFDACF2B7D5 /* [CP] Check Pods Manifest.lock */,
				751CB04C253559CA00665CB4 /* Sources */,
				751CB04D253559CA00665CB4 /* Frameworks */,
				751CB04E253559CA00665CB4 /* Resources */,
				B4DCB7EC81B793E5FCFF49CB /* [CP] Embed Pods Frameworks */,
			);
			buildRules = (
			);
			dependencies = (
			);
			name = "FengtianYu_JiayinQi-Ass2-ios";
			productName = "FengtianYu_JiayinQi-Ass2-ios";
			productReference = 751CB050253559CA00665CB4 /* FengtianYu_JiayinQi-Ass2-ios.app */;
			productType = "com.apple.product-type.application";
		};
/* End PBXNativeTarget section */

/* Begin PBXProject section */
		751CB048253559C900665CB4 /* Project object */ = {
			isa = PBXProject;
			attributes = {
				LastSwiftUpdateCheck = 1170;
				LastUpgradeCheck = 1170;
				ORGANIZATIONNAME = "Monash University";
				TargetAttributes = {
					751CB04F253559CA00665CB4 = {
						CreatedOnToolsVersion = 11.7;
					};
				};
			};
			buildConfigurationList = 751CB04B253559C900665CB4 /* Build configuration list for PBXProject "FengtianYu_JiayinQi-Ass2-ios" */;
			compatibilityVersion = "Xcode 9.3";
			developmentRegion = en;
			hasScannedForEncodings = 0;
			knownRegions = (
				en,
				Base,
			);
			mainGroup = 751CB047253559C900665CB4;
			productRefGroup = 751CB051253559CA00665CB4 /* Products */;
			projectDirPath = "";
			projectRoot = "";
			targets = (
				751CB04F253559CA00665CB4 /* FengtianYu_JiayinQi-Ass2-ios */,
			);
		};
/* End PBXProject section */

/* Begin PBXResourcesBuildPhase section */
		751CB04E253559CA00665CB4 /* Resources */ = {
			isa = PBXResourcesBuildPhase;
			buildActionMask = 2147483647;
			files = (
				751CB063253559CF00665CB4 /* LaunchScreen.storyboard in Resources */,
				759FF80D254D91F3003722C1 /* GoogleService-Info.plist in Resources */,
				751CB060253559CF00665CB4 /* Assets.xcassets in Resources */,
				751CB05B253559CA00665CB4 /* Main.storyboard in Resources */,
			);
			runOnlyForDeploymentPostprocessing = 0;
		};
/* End PBXResourcesBuildPhase section */

/* Begin PBXShellScriptBuildPhase section */
		641F97784790AEFDACF2B7D5 /* [CP] Check Pods Manifest.lock */ = {
			isa = PBXShellScriptBuildPhase;
			buildActionMask = 2147483647;
			files = (
			);
			inputFileListPaths = (
			);
			inputPaths = (
				"${PODS_PODFILE_DIR_PATH}/Podfile.lock",
				"${PODS_ROOT}/Manifest.lock",
			);
			name = "[CP] Check Pods Manifest.lock";
			outputFileListPaths = (
			);
			outputPaths = (
				"$(DERIVED_FILE_DIR)/Pods-FengtianYu_JiayinQi-Ass2-ios-checkManifestLockResult.txt",
			);
			runOnlyForDeploymentPostprocessing = 0;
			shellPath = /bin/sh;
			shellScript = "diff \"${PODS_PODFILE_DIR_PATH}/Podfile.lock\" \"${PODS_ROOT}/Manifest.lock\" > /dev/null\nif [ $? != 0 ] ; then\n    # print error to STDERR\n    echo \"error: The sandbox is not in sync with the Podfile.lock. Run 'pod install' or update your CocoaPods installation.\" >&2\n    exit 1\nfi\n# This output is used by Xcode 'outputs' to avoid re-running this script phase.\necho \"SUCCESS\" > \"${SCRIPT_OUTPUT_FILE_0}\"\n";
			showEnvVarsInLog = 0;
		};
		B4DCB7EC81B793E5FCFF49CB /* [CP] Embed Pods Frameworks */ = {
			isa = PBXShellScriptBuildPhase;
			buildActionMask = 2147483647;
			files = (
			);
			inputFileListPaths = (
				"${PODS_ROOT}/Target Support Files/Pods-FengtianYu_JiayinQi-Ass2-ios/Pods-FengtianYu_JiayinQi-Ass2-ios-frameworks-${CONFIGURATION}-input-files.xcfilelist",
			);
			name = "[CP] Embed Pods Frameworks";
			outputFileListPaths = (
				"${PODS_ROOT}/Target Support Files/Pods-FengtianYu_JiayinQi-Ass2-ios/Pods-FengtianYu_JiayinQi-Ass2-ios-frameworks-${CONFIGURATION}-output-files.xcfilelist",
			);
			runOnlyForDeploymentPostprocessing = 0;
			shellPath = /bin/sh;
			shellScript = "\"${PODS_ROOT}/Target Support Files/Pods-FengtianYu_JiayinQi-Ass2-ios/Pods-FengtianYu_JiayinQi-Ass2-ios-frameworks.sh\"\n";
			showEnvVarsInLog = 0;
		};
/* End PBXShellScriptBuildPhase section */

/* Begin PBXSourcesBuildPhase section */
		751CB04C253559CA00665CB4 /* Sources */ = {
			isa = PBXSourcesBuildPhase;
			buildActionMask = 2147483647;
			files = (
				75BD15EF2538635F003CC46B /* detailInformationViewController.swift in Sources */,
				751CB058253559CA00665CB4 /* SearchViewController.swift in Sources */,
				75BD15CF25380F3B003CC46B /* UserViewController.swift in Sources */,
				751CB054253559CA00665CB4 /* AppDelegate.swift in Sources */,
				751CB05E253559CA00665CB4 /* FengtianYu_JiayinQi_Ass2_ios.xcdatamodeld in Sources */,
				759FF81A254E4DA8003722C1 /* Pest.swift in Sources */,
				759FF818254E4D2B003722C1 /* DatabaseProtocol.swift in Sources */,
				7518D520254EF8AB00F2E957 /* LocationAnnotation.swift in Sources */,
				759FF811254E4826003722C1 /* AllPestsTableViewController.swift in Sources */,
				7518D51B254ECA4900F2E957 /* PestInformationTableViewCell.swift in Sources */,
				75BD15D325380F76003CC46B /* PhotoViewController.swift in Sources */,
				759FF816254E4C90003722C1 /* MulticastDelegate.swift in Sources */,
				7518D51E254EE75200F2E957 /* SinglePestLocationMapViewController.swift in Sources */,
				751CB056253559CA00665CB4 /* SceneDelegate.swift in Sources */,
				75BD15D125380F4E003CC46B /* PestCellTableViewCell.swift in Sources */,
				759FF821254E4F0E003722C1 /* FirebaseController.swift in Sources */,
			);
			runOnlyForDeploymentPostprocessing = 0;
		};
/* End PBXSourcesBuildPhase section */

/* Begin PBXVariantGroup section */
		751CB059253559CA00665CB4 /* Main.storyboard */ = {
			isa = PBXVariantGroup;
			children = (
				751CB05A253559CA00665CB4 /* Base */,
			);
			name = Main.storyboard;
			sourceTree = "<group>";
		};
		751CB061253559CF00665CB4 /* LaunchScreen.storyboard */ = {
			isa = PBXVariantGroup;
			children = (
				751CB062253559CF00665CB4 /* Base */,
			);
			name = LaunchScreen.storyboard;
			sourceTree = "<group>";
		};
/* End PBXVariantGroup section */

/* Begin XCBuildConfiguration section */
		751CB065253559CF00665CB4 /* Debug */ = {
			isa = XCBuildConfiguration;
			buildSettings = {
				ALWAYS_SEARCH_USER_PATHS = NO;
				CLANG_ANALYZER_NONNULL = YES;
				CLANG_ANALYZER_NUMBER_OBJECT_CONVERSION = YES_AGGRESSIVE;
				CLANG_CXX_LANGUAGE_STANDARD = "gnu++14";
				CLANG_CXX_LIBRARY = "libc++";
				CLANG_ENABLE_MODULES = YES;
				CLANG_ENABLE_OBJC_ARC = YES;
				CLANG_ENABLE_OBJC_WEAK = YES;
				CLANG_WARN_BLOCK_CAPTURE_AUTORELEASING = YES;
				CLANG_WARN_BOOL_CONVERSION = YES;
				CLANG_WARN_COMMA = YES;
				CLANG_WARN_CONSTANT_CONVERSION = YES;
				CLANG_WARN_DEPRECATED_OBJC_IMPLEMENTATIONS = YES;
				CLANG_WARN_DIRECT_OBJC_ISA_USAGE = YES_ERROR;
				CLANG_WARN_DOCUMENTATION_COMMENTS = YES;
				CLANG_WARN_EMPTY_BODY = YES;
				CLANG_WARN_ENUM_CONVERSION = YES;
				CLANG_WARN_INFINITE_RECURSION = YES;
				CLANG_WARN_INT_CONVERSION = YES;
				CLANG_WARN_NON_LITERAL_NULL_CONVERSION = YES;
				CLANG_WARN_OBJC_IMPLICIT_RETAIN_SELF = YES;
				CLANG_WARN_OBJC_LITERAL_CONVERSION = YES;
				CLANG_WARN_OBJC_ROOT_CLASS = YES_ERROR;
				CLANG_WARN_RANGE_LOOP_ANALYSIS = YES;
				CLANG_WARN_STRICT_PROTOTYPES = YES;
				CLANG_WARN_SUSPICIOUS_MOVE = YES;
				CLANG_WARN_UNGUARDED_AVAILABILITY = YES_AGGRESSIVE;
				CLANG_WARN_UNREACHABLE_CODE = YES;
				CLANG_WARN__DUPLICATE_METHOD_MATCH = YES;
				COPY_PHASE_STRIP = NO;
				DEBUG_INFORMATION_FORMAT = dwarf;
				ENABLE_STRICT_OBJC_MSGSEND = YES;
				ENABLE_TESTABILITY = YES;
				GCC_C_LANGUAGE_STANDARD = gnu11;
				GCC_DYNAMIC_NO_PIC = NO;
				GCC_NO_COMMON_BLOCKS = YES;
				GCC_OPTIMIZATION_LEVEL = 0;
				GCC_PREPROCESSOR_DEFINITIONS = (
					"DEBUG=1",
					"$(inherited)",
				);
				GCC_WARN_64_TO_32_BIT_CONVERSION = YES;
				GCC_WARN_ABOUT_RETURN_TYPE = YES_ERROR;
				GCC_WARN_UNDECLARED_SELECTOR = YES;
				GCC_WARN_UNINITIALIZED_AUTOS = YES_AGGRESSIVE;
				GCC_WARN_UNUSED_FUNCTION = YES;
				GCC_WARN_UNUSED_VARIABLE = YES;
				IPHONEOS_DEPLOYMENT_TARGET = 13.7;
				MTL_ENABLE_DEBUG_INFO = INCLUDE_SOURCE;
				MTL_FAST_MATH = YES;
				ONLY_ACTIVE_ARCH = YES;
				SDKROOT = iphoneos;
				SWIFT_ACTIVE_COMPILATION_CONDITIONS = DEBUG;
				SWIFT_OPTIMIZATION_LEVEL = "-Onone";
			};
			name = Debug;
		};
		751CB066253559CF00665CB4 /* Release */ = {
			isa = XCBuildConfiguration;
			buildSettings = {
				ALWAYS_SEARCH_USER_PATHS = NO;
				CLANG_ANALYZER_NONNULL = YES;
				CLANG_ANALYZER_NUMBER_OBJECT_CONVERSION = YES_AGGRESSIVE;
				CLANG_CXX_LANGUAGE_STANDARD = "gnu++14";
				CLANG_CXX_LIBRARY = "libc++";
				CLANG_ENABLE_MODULES = YES;
				CLANG_ENABLE_OBJC_ARC = YES;
				CLANG_ENABLE_OBJC_WEAK = YES;
				CLANG_WARN_BLOCK_CAPTURE_AUTORELEASING = YES;
				CLANG_WARN_BOOL_CONVERSION = YES;
				CLANG_WARN_COMMA = YES;
				CLANG_WARN_CONSTANT_CONVERSION = YES;
				CLANG_WARN_DEPRECATED_OBJC_IMPLEMENTATIONS = YES;
				CLANG_WARN_DIRECT_OBJC_ISA_USAGE = YES_ERROR;
				CLANG_WARN_DOCUMENTATION_COMMENTS = YES;
				CLANG_WARN_EMPTY_BODY = YES;
				CLANG_WARN_ENUM_CONVERSION = YES;
				CLANG_WARN_INFINITE_RECURSION = YES;
				CLANG_WARN_INT_CONVERSION = YES;
				CLANG_WARN_NON_LITERAL_NULL_CONVERSION = YES;
				CLANG_WARN_OBJC_IMPLICIT_RETAIN_SELF = YES;
				CLANG_WARN_OBJC_LITERAL_CONVERSION = YES;
				CLANG_WARN_OBJC_ROOT_CLASS = YES_ERROR;
				CLANG_WARN_RANGE_LOOP_ANALYSIS = YES;
				CLANG_WARN_STRICT_PROTOTYPES = YES;
				CLANG_WARN_SUSPICIOUS_MOVE = YES;
				CLANG_WARN_UNGUARDED_AVAILABILITY = YES_AGGRESSIVE;
				CLANG_WARN_UNREACHABLE_CODE = YES;
				CLANG_WARN__DUPLICATE_METHOD_MATCH = YES;
				COPY_PHASE_STRIP = NO;
				DEBUG_INFORMATION_FORMAT = "dwarf-with-dsym";
				ENABLE_NS_ASSERTIONS = NO;
				ENABLE_STRICT_OBJC_MSGSEND = YES;
				GCC_C_LANGUAGE_STANDARD = gnu11;
				GCC_NO_COMMON_BLOCKS = YES;
				GCC_WARN_64_TO_32_BIT_CONVERSION = YES;
				GCC_WARN_ABOUT_RETURN_TYPE = YES_ERROR;
				GCC_WARN_UNDECLARED_SELECTOR = YES;
				GCC_WARN_UNINITIALIZED_AUTOS = YES_AGGRESSIVE;
				GCC_WARN_UNUSED_FUNCTION = YES;
				GCC_WARN_UNUSED_VARIABLE = YES;
				IPHONEOS_DEPLOYMENT_TARGET = 13.7;
				MTL_ENABLE_DEBUG_INFO = NO;
				MTL_FAST_MATH = YES;
				SDKROOT = iphoneos;
				SWIFT_COMPILATION_MODE = wholemodule;
				SWIFT_OPTIMIZATION_LEVEL = "-O";
				VALIDATE_PRODUCT = YES;
			};
			name = Release;
		};
		751CB068253559CF00665CB4 /* Debug */ = {
			isa = XCBuildConfiguration;
			baseConfigurationReference = 510D581AD6CBD1762FE5B5DA /* Pods-FengtianYu_JiayinQi-Ass2-ios.debug.xcconfig */;
			buildSettings = {
				ASSETCATALOG_COMPILER_APPICON_NAME = AppIcon;
				CODE_SIGN_STYLE = Automatic;
				INFOPLIST_FILE = "FengtianYu_JiayinQi-Ass2-ios/Info.plist";
				LD_RUNPATH_SEARCH_PATHS = (
					"$(inherited)",
					"@executable_path/Frameworks",
				);
				PRODUCT_BUNDLE_IDENTIFIER = "edu.monash.FengtianYu-JiayinQi-Ass2-ios";
				PRODUCT_NAME = "$(TARGET_NAME)";
				SWIFT_VERSION = 5.0;
				TARGETED_DEVICE_FAMILY = "1,2";
			};
			name = Debug;
		};
		751CB069253559CF00665CB4 /* Release */ = {
			isa = XCBuildConfiguration;
			baseConfigurationReference = E411D37DB9B5AA28E8445FFD /* Pods-FengtianYu_JiayinQi-Ass2-ios.release.xcconfig */;
			buildSettings = {
				ASSETCATALOG_COMPILER_APPICON_NAME = AppIcon;
				CODE_SIGN_STYLE = Automatic;
				INFOPLIST_FILE = "FengtianYu_JiayinQi-Ass2-ios/Info.plist";
				LD_RUNPATH_SEARCH_PATHS = (
					"$(inherited)",
					"@executable_path/Frameworks",
				);
				PRODUCT_BUNDLE_IDENTIFIER = "edu.monash.FengtianYu-JiayinQi-Ass2-ios";
				PRODUCT_NAME = "$(TARGET_NAME)";
				SWIFT_VERSION = 5.0;
				TARGETED_DEVICE_FAMILY = "1,2";
			};
			name = Release;
		};
/* End XCBuildConfiguration section */

/* Begin XCConfigurationList section */
		751CB04B253559C900665CB4 /* Build configuration list for PBXProject "FengtianYu_JiayinQi-Ass2-ios" */ = {
			isa = XCConfigurationList;
			buildConfigurations = (
				751CB065253559CF00665CB4 /* Debug */,
				751CB066253559CF00665CB4 /* Release */,
			);
			defaultConfigurationIsVisible = 0;
			defaultConfigurationName = Release;
		};
		751CB067253559CF00665CB4 /* Build configuration list for PBXNativeTarget "FengtianYu_JiayinQi-Ass2-ios" */ = {
			isa = XCConfigurationList;
			buildConfigurations = (
				751CB068253559CF00665CB4 /* Debug */,
				751CB069253559CF00665CB4 /* Release */,
			);
			defaultConfigurationIsVisible = 0;
			defaultConfigurationName = Release;
		};
/* End XCConfigurationList section */

/* Begin XCVersionGroup section */
		751CB05C253559CA00665CB4 /* FengtianYu_JiayinQi_Ass2_ios.xcdatamodeld */ = {
			isa = XCVersionGroup;
			children = (
				751CB05D253559CA00665CB4 /* FengtianYu_JiayinQi_Ass2_ios.xcdatamodel */,
			);
			currentVersion = 751CB05D253559CA00665CB4 /* FengtianYu_JiayinQi_Ass2_ios.xcdatamodel */;
			path = FengtianYu_JiayinQi_Ass2_ios.xcdatamodeld;
			sourceTree = "<group>";
			versionGroupType = wrapper.xcdatamodel;
		};
/* End XCVersionGroup section */
	};
	rootObject = 751CB048253559C900665CB4 /* Project object */;
}
